// !$*UTF8*$!
{
	archiveVersion = 1;
	classes = {
	};
	objectVersion = 50;
	objects = {

/* Begin PBXFileReference section */
		7946EE7320B1F15B004A438B /* AsciiArt.swift */ = {isa = PBXFileReference; lastKnownFileType = sourcecode.swift; path = AsciiArt.swift; sourceTree = "<group>"; };
		7946EE7420B1F15C004A438B /* Bitmap.swift */ = {isa = PBXFileReference; lastKnownFileType = sourcecode.swift; path = Bitmap.swift; sourceTree = "<group>"; };
		7946EE7520B1F15C004A438B /* Color.swift */ = {isa = PBXFileReference; lastKnownFileType = sourcecode.swift; path = Color.swift; sourceTree = "<group>"; };
/* End PBXFileReference section */

/* Begin PBXGroup section */
		7946EE6B20B1F0F6004A438B = {
			isa = PBXGroup;
			children = (
				7946EE7220B1F131004A438B /* Sources */,
			);
			sourceTree = "<group>";
		};
		7946EE7220B1F131004A438B /* Sources */ = {
			isa = PBXGroup;
			children = (
				7946EE7320B1F15B004A438B /* AsciiArt.swift */,
				7946EE7420B1F15C004A438B /* Bitmap.swift */,
				7946EE7520B1F15C004A438B /* Color.swift */,
			);
			path = Sources;
			sourceTree = "<group>";
		};
/* End PBXGroup section */

/* Begin PBXProject section */
		7946EE6C20B1F0F6004A438B /* Project object */ = {
			isa = PBXProject;
			attributes = {
				LastUpgradeCheck = 0930;
			};
			buildConfigurationList = 7946EE6F20B1F0F6004A438B /* Build configuration list for PBXProject "Swort" */;
			compatibilityVersion = "Xcode 9.3";
			developmentRegion = en;
			hasScannedForEncodings = 0;
			knownRegions = (
				en,
			);
			mainGroup = 7946EE6B20B1F0F6004A438B;
			projectDirPath = "";
			projectRoot = "";
			targets = (
			);
		};
/* End PBXProject section */

/* Begin XCBuildConfiguration section */
		7946EE7020B1F0F6004A438B /* Debug */ = {
			isa = XCBuildConfiguration;
			buildSettings = {
			};
			name = Debug;
		};
		7946EE7120B1F0F6004A438B /* Release */ = {
			isa = XCBuildConfiguration;
			buildSettings = {
			};
			name = Release;
		};
/* End XCBuildConfiguration section */

/* Begin XCConfigurationList section */
		7946EE6F20B1F0F6004A438B /* Build configuration list for PBXProject "Swort" */ = {
			isa = XCConfigurationList;
			buildConfigurations = (
				7946EE7020B1F0F6004A438B /* Debug */,
				7946EE7120B1F0F6004A438B /* Release */,
			);
			defaultConfigurationIsVisible = 0;
			defaultConfigurationName = Release;
		};
/* End XCConfigurationList section */
	};
	rootObject = 7946EE6C20B1F0F6004A438B /* Project object */;
}
